
Microsoft Visual Studio Solution File, Format Version 12.00
# Visual Studio 15
VisualStudioVersion = 15.0.27428.2037
MinimumVisualStudioVersion = 10.0.40219.1
Project("{FAE04EC0-301F-11D3-BF4B-00C04F79EFBC}") = "camaraTrans", "camaraTrans\camaraTrans.csproj", "{70F880D5-198F-4F62-993B-9CAA0A737175}"
EndProject
Global
	GlobalSection(SolutionConfigurationPlatforms) = preSolution
		Debug|Any CPU = Debug|Any CPU
		Release|Any CPU = Release|Any CPU
	EndGlobalSection
	GlobalSection(ProjectConfigurationPlatforms) = postSolution
		{70F880D5-198F-4F62-993B-9CAA0A737175}.Debug|Any CPU.ActiveCfg = Debug|Any CPU
		{70F880D5-198F-4F62-993B-9CAA0A737175}.Debug|Any CPU.Build.0 = Debug|Any CPU
		{70F880D5-198F-4F62-993B-9CAA0A737175}.Release|Any CPU.ActiveCfg = Release|Any CPU
		{70F880D5-198F-4F62-993B-9CAA0A737175}.Release|Any CPU.Build.0 = Release|Any CPU
	EndGlobalSection
	GlobalSection(SolutionProperties) = preSolution
		HideSolutionNode = FALSE
	EndGlobalSection
	GlobalSection(ExtensibilityGlobals) = postSolution
		SolutionGuid = {C1E8E692-D53A-4DCD-9287-53D1C55A5D70}
	EndGlobalSection
EndGlobal
